// !$*UTF8*$!
{
	archiveVersion = 1;
	classes = {
	};
	objectVersion = 56;
	objects = {

/* Begin PBXBuildFile section */
		5F2211262BA0BC4100379888 /* Alamofire in Frameworks */ = {isa = PBXBuildFile; productRef = 5F2211252BA0BC4100379888 /* Alamofire */; };
		5F3867892BA072D300FEEEB4 /* HomeModel.swift in Sources */ = {isa = PBXBuildFile; fileRef = 5F3867882BA072D300FEEEB4 /* HomeModel.swift */; };
		5F38678C2BA07EA900FEEEB4 /* RepositoryCard.swift in Sources */ = {isa = PBXBuildFile; fileRef = 5F38678B2BA07EA900FEEEB4 /* RepositoryCard.swift */; };
		5F38678E2BA07F4A00FEEEB4 /* RepositoryViewModel.swift in Sources */ = {isa = PBXBuildFile; fileRef = 5F38678D2BA07F4A00FEEEB4 /* RepositoryViewModel.swift */; };
		5F8472B12BA0D8C700D429C0 /* AlamofireNetworkActivityLogger in Frameworks */ = {isa = PBXBuildFile; productRef = 5F8472B02BA0D8C700D429C0 /* AlamofireNetworkActivityLogger */; };
		5F8E87272B9F30E200CB34B5 /* PinkRoomChallengeApp.swift in Sources */ = {isa = PBXBuildFile; fileRef = 5F8E87262B9F30E200CB34B5 /* PinkRoomChallengeApp.swift */; };
		5F8E872B2B9F30E500CB34B5 /* Assets.xcassets in Resources */ = {isa = PBXBuildFile; fileRef = 5F8E872A2B9F30E500CB34B5 /* Assets.xcassets */; };
		5F8E872E2B9F30E500CB34B5 /* Preview Assets.xcassets in Resources */ = {isa = PBXBuildFile; fileRef = 5F8E872D2B9F30E500CB34B5 /* Preview Assets.xcassets */; };
		5F8E87382B9F30E500CB34B5 /* PinkRoomChallengeTests.swift in Sources */ = {isa = PBXBuildFile; fileRef = 5F8E87372B9F30E500CB34B5 /* PinkRoomChallengeTests.swift */; };
		5F8E87422B9F30E500CB34B5 /* PinkRoomChallengeUITests.swift in Sources */ = {isa = PBXBuildFile; fileRef = 5F8E87412B9F30E500CB34B5 /* PinkRoomChallengeUITests.swift */; };
		5F8E87442B9F30E500CB34B5 /* PinkRoomChallengeUITestsLaunchTests.swift in Sources */ = {isa = PBXBuildFile; fileRef = 5F8E87432B9F30E500CB34B5 /* PinkRoomChallengeUITestsLaunchTests.swift */; };
		5F8E87562B9F321900CB34B5 /* HomeView.swift in Sources */ = {isa = PBXBuildFile; fileRef = 5F8E87552B9F321900CB34B5 /* HomeView.swift */; };
		5F8E87582B9F322800CB34B5 /* HomeViewModel.swift in Sources */ = {isa = PBXBuildFile; fileRef = 5F8E87572B9F322800CB34B5 /* HomeViewModel.swift */; };
		5F8E875A2B9F32A100CB34B5 /* MainView.swift in Sources */ = {isa = PBXBuildFile; fileRef = 5F8E87592B9F32A100CB34B5 /* MainView.swift */; };
		5F8E875C2B9F32DF00CB34B5 /* MainViewModel.swift in Sources */ = {isa = PBXBuildFile; fileRef = 5F8E875B2B9F32DF00CB34B5 /* MainViewModel.swift */; };
		5F8E875E2B9F32F900CB34B5 /* LoginViewModel.swift in Sources */ = {isa = PBXBuildFile; fileRef = 5F8E875D2B9F32F900CB34B5 /* LoginViewModel.swift */; };
		5F8E87602B9F331000CB34B5 /* LoginView.swift in Sources */ = {isa = PBXBuildFile; fileRef = 5F8E875F2B9F331000CB34B5 /* LoginView.swift */; };
		5F8E87622B9F334800CB34B5 /* WelcomeView.swift in Sources */ = {isa = PBXBuildFile; fileRef = 5F8E87612B9F334800CB34B5 /* WelcomeView.swift */; };
		5F8E87642B9F336E00CB34B5 /* WelcomeViewModel.swift in Sources */ = {isa = PBXBuildFile; fileRef = 5F8E87632B9F336E00CB34B5 /* WelcomeViewModel.swift */; };
		5F8E87662B9F338B00CB34B5 /* SideMenuViewModel.swift in Sources */ = {isa = PBXBuildFile; fileRef = 5F8E87652B9F338B00CB34B5 /* SideMenuViewModel.swift */; };
		5F8E87682B9F33D100CB34B5 /* SideMenu.swift in Sources */ = {isa = PBXBuildFile; fileRef = 5F8E87672B9F33D100CB34B5 /* SideMenu.swift */; };
		5F8E876A2B9F33F900CB34B5 /* SideMenuView.swift in Sources */ = {isa = PBXBuildFile; fileRef = 5F8E87692B9F33F900CB34B5 /* SideMenuView.swift */; };
		5F8E876F2B9F4ED000CB34B5 /* PopupView.swift in Sources */ = {isa = PBXBuildFile; fileRef = 5F8E876E2B9F4ED000CB34B5 /* PopupView.swift */; };
		5F8E87712B9F4EEB00CB34B5 /* Popup.swift in Sources */ = {isa = PBXBuildFile; fileRef = 5F8E87702B9F4EEB00CB34B5 /* Popup.swift */; };
		5F8E87752B9F853400CB34B5 /* PopupViewModel.swift in Sources */ = {isa = PBXBuildFile; fileRef = 5F8E87742B9F853400CB34B5 /* PopupViewModel.swift */; };
		5F8E87772B9F868F00CB34B5 /* LoginViewModelTests.swift in Sources */ = {isa = PBXBuildFile; fileRef = 5F8E87762B9F868F00CB34B5 /* LoginViewModelTests.swift */; };
		5F8E877A2BA05B7600CB34B5 /* FiltersView.swift in Sources */ = {isa = PBXBuildFile; fileRef = 5F8E87792BA05B7600CB34B5 /* FiltersView.swift */; };
		5F8E877C2BA05B9900CB34B5 /* Filters.swift in Sources */ = {isa = PBXBuildFile; fileRef = 5F8E877B2BA05B9900CB34B5 /* Filters.swift */; };
		5F8E877E2BA05BC200CB34B5 /* FiltersViewModel.swift in Sources */ = {isa = PBXBuildFile; fileRef = 5F8E877D2BA05BC200CB34B5 /* FiltersViewModel.swift */; };
/* End PBXBuildFile section */

/* Begin PBXContainerItemProxy section */
		5F8E87342B9F30E500CB34B5 /* PBXContainerItemProxy */ = {
			isa = PBXContainerItemProxy;
			containerPortal = 5F8E871B2B9F30E200CB34B5 /* Project object */;
			proxyType = 1;
			remoteGlobalIDString = 5F8E87222B9F30E200CB34B5;
			remoteInfo = PinkRoomChallenge;
		};
		5F8E873E2B9F30E500CB34B5 /* PBXContainerItemProxy */ = {
			isa = PBXContainerItemProxy;
			containerPortal = 5F8E871B2B9F30E200CB34B5 /* Project object */;
			proxyType = 1;
			remoteGlobalIDString = 5F8E87222B9F30E200CB34B5;
			remoteInfo = PinkRoomChallenge;
		};
/* End PBXContainerItemProxy section */

/* Begin PBXFileReference section */
		5F3867882BA072D300FEEEB4 /* HomeModel.swift */ = {isa = PBXFileReference; lastKnownFileType = sourcecode.swift; path = HomeModel.swift; sourceTree = "<group>"; };
		5F38678B2BA07EA900FEEEB4 /* RepositoryCard.swift */ = {isa = PBXFileReference; lastKnownFileType = sourcecode.swift; path = RepositoryCard.swift; sourceTree = "<group>"; };
		5F38678D2BA07F4A00FEEEB4 /* RepositoryViewModel.swift */ = {isa = PBXFileReference; lastKnownFileType = sourcecode.swift; path = RepositoryViewModel.swift; sourceTree = "<group>"; };
		5F8E87232B9F30E200CB34B5 /* PinkRoomChallenge.app */ = {isa = PBXFileReference; explicitFileType = wrapper.application; includeInIndex = 0; path = PinkRoomChallenge.app; sourceTree = BUILT_PRODUCTS_DIR; };
		5F8E87262B9F30E200CB34B5 /* PinkRoomChallengeApp.swift */ = {isa = PBXFileReference; lastKnownFileType = sourcecode.swift; path = PinkRoomChallengeApp.swift; sourceTree = "<group>"; };
		5F8E872A2B9F30E500CB34B5 /* Assets.xcassets */ = {isa = PBXFileReference; lastKnownFileType = folder.assetcatalog; path = Assets.xcassets; sourceTree = "<group>"; };
		5F8E872D2B9F30E500CB34B5 /* Preview Assets.xcassets */ = {isa = PBXFileReference; lastKnownFileType = folder.assetcatalog; path = "Preview Assets.xcassets"; sourceTree = "<group>"; };
		5F8E87332B9F30E500CB34B5 /* PinkRoomChallengeTests.xctest */ = {isa = PBXFileReference; explicitFileType = wrapper.cfbundle; includeInIndex = 0; path = PinkRoomChallengeTests.xctest; sourceTree = BUILT_PRODUCTS_DIR; };
		5F8E87372B9F30E500CB34B5 /* PinkRoomChallengeTests.swift */ = {isa = PBXFileReference; lastKnownFileType = sourcecode.swift; path = PinkRoomChallengeTests.swift; sourceTree = "<group>"; };
		5F8E873D2B9F30E500CB34B5 /* PinkRoomChallengeUITests.xctest */ = {isa = PBXFileReference; explicitFileType = wrapper.cfbundle; includeInIndex = 0; path = PinkRoomChallengeUITests.xctest; sourceTree = BUILT_PRODUCTS_DIR; };
		5F8E87412B9F30E500CB34B5 /* PinkRoomChallengeUITests.swift */ = {isa = PBXFileReference; lastKnownFileType = sourcecode.swift; path = PinkRoomChallengeUITests.swift; sourceTree = "<group>"; };
		5F8E87432B9F30E500CB34B5 /* PinkRoomChallengeUITestsLaunchTests.swift */ = {isa = PBXFileReference; lastKnownFileType = sourcecode.swift; path = PinkRoomChallengeUITestsLaunchTests.swift; sourceTree = "<group>"; };
		5F8E87552B9F321900CB34B5 /* HomeView.swift */ = {isa = PBXFileReference; lastKnownFileType = sourcecode.swift; path = HomeView.swift; sourceTree = "<group>"; };
		5F8E87572B9F322800CB34B5 /* HomeViewModel.swift */ = {isa = PBXFileReference; lastKnownFileType = sourcecode.swift; path = HomeViewModel.swift; sourceTree = "<group>"; };
		5F8E87592B9F32A100CB34B5 /* MainView.swift */ = {isa = PBXFileReference; lastKnownFileType = sourcecode.swift; path = MainView.swift; sourceTree = "<group>"; };
		5F8E875B2B9F32DF00CB34B5 /* MainViewModel.swift */ = {isa = PBXFileReference; lastKnownFileType = sourcecode.swift; path = MainViewModel.swift; sourceTree = "<group>"; };
		5F8E875D2B9F32F900CB34B5 /* LoginViewModel.swift */ = {isa = PBXFileReference; lastKnownFileType = sourcecode.swift; path = LoginViewModel.swift; sourceTree = "<group>"; };
		5F8E875F2B9F331000CB34B5 /* LoginView.swift */ = {isa = PBXFileReference; lastKnownFileType = sourcecode.swift; path = LoginView.swift; sourceTree = "<group>"; };
		5F8E87612B9F334800CB34B5 /* WelcomeView.swift */ = {isa = PBXFileReference; lastKnownFileType = sourcecode.swift; path = WelcomeView.swift; sourceTree = "<group>"; };
		5F8E87632B9F336E00CB34B5 /* WelcomeViewModel.swift */ = {isa = PBXFileReference; lastKnownFileType = sourcecode.swift; path = WelcomeViewModel.swift; sourceTree = "<group>"; };
		5F8E87652B9F338B00CB34B5 /* SideMenuViewModel.swift */ = {isa = PBXFileReference; lastKnownFileType = sourcecode.swift; path = SideMenuViewModel.swift; sourceTree = "<group>"; };
		5F8E87672B9F33D100CB34B5 /* SideMenu.swift */ = {isa = PBXFileReference; lastKnownFileType = sourcecode.swift; path = SideMenu.swift; sourceTree = "<group>"; };
		5F8E87692B9F33F900CB34B5 /* SideMenuView.swift */ = {isa = PBXFileReference; lastKnownFileType = sourcecode.swift; path = SideMenuView.swift; sourceTree = "<group>"; };
		5F8E876E2B9F4ED000CB34B5 /* PopupView.swift */ = {isa = PBXFileReference; lastKnownFileType = sourcecode.swift; path = PopupView.swift; sourceTree = "<group>"; };
		5F8E87702B9F4EEB00CB34B5 /* Popup.swift */ = {isa = PBXFileReference; lastKnownFileType = sourcecode.swift; path = Popup.swift; sourceTree = "<group>"; };
		5F8E87742B9F853400CB34B5 /* PopupViewModel.swift */ = {isa = PBXFileReference; lastKnownFileType = sourcecode.swift; path = PopupViewModel.swift; sourceTree = "<group>"; };
		5F8E87762B9F868F00CB34B5 /* LoginViewModelTests.swift */ = {isa = PBXFileReference; fileEncoding = 4; lastKnownFileType = sourcecode.swift; path = LoginViewModelTests.swift; sourceTree = "<group>"; };
		5F8E87792BA05B7600CB34B5 /* FiltersView.swift */ = {isa = PBXFileReference; lastKnownFileType = sourcecode.swift; path = FiltersView.swift; sourceTree = "<group>"; };
		5F8E877B2BA05B9900CB34B5 /* Filters.swift */ = {isa = PBXFileReference; lastKnownFileType = sourcecode.swift; path = Filters.swift; sourceTree = "<group>"; };
		5F8E877D2BA05BC200CB34B5 /* FiltersViewModel.swift */ = {isa = PBXFileReference; lastKnownFileType = sourcecode.swift; path = FiltersViewModel.swift; sourceTree = "<group>"; };
/* End PBXFileReference section */

/* Begin PBXFrameworksBuildPhase section */
		5F8E87202B9F30E200CB34B5 /* Frameworks */ = {
			isa = PBXFrameworksBuildPhase;
			buildActionMask = 2147483647;
			files = (
				5F2211262BA0BC4100379888 /* Alamofire in Frameworks */,
				5F8472B12BA0D8C700D429C0 /* AlamofireNetworkActivityLogger in Frameworks */,
			);
			runOnlyForDeploymentPostprocessing = 0;
		};
		5F8E87302B9F30E500CB34B5 /* Frameworks */ = {
			isa = PBXFrameworksBuildPhase;
			buildActionMask = 2147483647;
			files = (
			);
			runOnlyForDeploymentPostprocessing = 0;
		};
		5F8E873A2B9F30E500CB34B5 /* Frameworks */ = {
			isa = PBXFrameworksBuildPhase;
			buildActionMask = 2147483647;
			files = (
			);
			runOnlyForDeploymentPostprocessing = 0;
		};
/* End PBXFrameworksBuildPhase section */

/* Begin PBXGroup section */
		5F38678A2BA07E9300FEEEB4 /* Repository */ = {
			isa = PBXGroup;
			children = (
				5F38678B2BA07EA900FEEEB4 /* RepositoryCard.swift */,
				5F38678D2BA07F4A00FEEEB4 /* RepositoryViewModel.swift */,
			);
			path = Repository;
			sourceTree = "<group>";
		};
		5F8E871A2B9F30E200CB34B5 = {
			isa = PBXGroup;
			children = (
				5F8E87252B9F30E200CB34B5 /* PinkRoomChallenge */,
				5F8E87362B9F30E500CB34B5 /* PinkRoomChallengeTests */,
				5F8E87402B9F30E500CB34B5 /* PinkRoomChallengeUITests */,
				5F8E87242B9F30E200CB34B5 /* Products */,
			);
			sourceTree = "<group>";
		};
		5F8E87242B9F30E200CB34B5 /* Products */ = {
			isa = PBXGroup;
			children = (
				5F8E87232B9F30E200CB34B5 /* PinkRoomChallenge.app */,
				5F8E87332B9F30E500CB34B5 /* PinkRoomChallengeTests.xctest */,
				5F8E873D2B9F30E500CB34B5 /* PinkRoomChallengeUITests.xctest */,
			);
			name = Products;
			sourceTree = "<group>";
		};
		5F8E87252B9F30E200CB34B5 /* PinkRoomChallenge */ = {
			isa = PBXGroup;
			children = (
				5F38678A2BA07E9300FEEEB4 /* Repository */,
				5F8E87782BA05B5300CB34B5 /* Filters */,
				5F8E876B2B9F4E8F00CB34B5 /* Popup */,
				5F8E87542B9F31F300CB34B5 /* SideMenu */,
				5F8E87532B9F31E800CB34B5 /* Welcome */,
				5F8E87522B9F31DC00CB34B5 /* Main */,
				5F8E87512B9F31D200CB34B5 /* Login */,
				5F8E87502B9F31C500CB34B5 /* Home */,
				5F8E87262B9F30E200CB34B5 /* PinkRoomChallengeApp.swift */,
				5F8E872A2B9F30E500CB34B5 /* Assets.xcassets */,
				5F8E872C2B9F30E500CB34B5 /* Preview Content */,
			);
			path = PinkRoomChallenge;
			sourceTree = "<group>";
		};
		5F8E872C2B9F30E500CB34B5 /* Preview Content */ = {
			isa = PBXGroup;
			children = (
				5F8E872D2B9F30E500CB34B5 /* Preview Assets.xcassets */,
			);
			path = "Preview Content";
			sourceTree = "<group>";
		};
		5F8E87362B9F30E500CB34B5 /* PinkRoomChallengeTests */ = {
			isa = PBXGroup;
			children = (
				5F8E87762B9F868F00CB34B5 /* LoginViewModelTests.swift */,
				5F8E87372B9F30E500CB34B5 /* PinkRoomChallengeTests.swift */,
			);
			path = PinkRoomChallengeTests;
			sourceTree = "<group>";
		};
		5F8E87402B9F30E500CB34B5 /* PinkRoomChallengeUITests */ = {
			isa = PBXGroup;
			children = (
				5F8E87412B9F30E500CB34B5 /* PinkRoomChallengeUITests.swift */,
				5F8E87432B9F30E500CB34B5 /* PinkRoomChallengeUITestsLaunchTests.swift */,
			);
			path = PinkRoomChallengeUITests;
			sourceTree = "<group>";
		};
		5F8E87502B9F31C500CB34B5 /* Home */ = {
			isa = PBXGroup;
			children = (
				5F8E87552B9F321900CB34B5 /* HomeView.swift */,
				5F8E87572B9F322800CB34B5 /* HomeViewModel.swift */,
				5F3867882BA072D300FEEEB4 /* HomeModel.swift */,
			);
			path = Home;
			sourceTree = "<group>";
		};
		5F8E87512B9F31D200CB34B5 /* Login */ = {
			isa = PBXGroup;
			children = (
				5F8E875F2B9F331000CB34B5 /* LoginView.swift */,
				5F8E875D2B9F32F900CB34B5 /* LoginViewModel.swift */,
			);
			path = Login;
			sourceTree = "<group>";
		};
		5F8E87522B9F31DC00CB34B5 /* Main */ = {
			isa = PBXGroup;
			children = (
				5F8E87592B9F32A100CB34B5 /* MainView.swift */,
				5F8E875B2B9F32DF00CB34B5 /* MainViewModel.swift */,
			);
			path = Main;
			sourceTree = "<group>";
		};
		5F8E87532B9F31E800CB34B5 /* Welcome */ = {
			isa = PBXGroup;
			children = (
				5F8E87612B9F334800CB34B5 /* WelcomeView.swift */,
				5F8E87632B9F336E00CB34B5 /* WelcomeViewModel.swift */,
			);
			path = Welcome;
			sourceTree = "<group>";
		};
		5F8E87542B9F31F300CB34B5 /* SideMenu */ = {
			isa = PBXGroup;
			children = (
				5F8E87672B9F33D100CB34B5 /* SideMenu.swift */,
				5F8E87692B9F33F900CB34B5 /* SideMenuView.swift */,
				5F8E87652B9F338B00CB34B5 /* SideMenuViewModel.swift */,
			);
			path = SideMenu;
			sourceTree = "<group>";
		};
		5F8E876B2B9F4E8F00CB34B5 /* Popup */ = {
			isa = PBXGroup;
			children = (
				5F8E87702B9F4EEB00CB34B5 /* Popup.swift */,
				5F8E876E2B9F4ED000CB34B5 /* PopupView.swift */,
				5F8E87742B9F853400CB34B5 /* PopupViewModel.swift */,
			);
			path = Popup;
			sourceTree = "<group>";
		};
		5F8E87782BA05B5300CB34B5 /* Filters */ = {
			isa = PBXGroup;
			children = (
				5F8E877B2BA05B9900CB34B5 /* Filters.swift */,
				5F8E87792BA05B7600CB34B5 /* FiltersView.swift */,
				5F8E877D2BA05BC200CB34B5 /* FiltersViewModel.swift */,
			);
			path = Filters;
			sourceTree = "<group>";
		};
/* End PBXGroup section */

/* Begin PBXNativeTarget section */
		5F8E87222B9F30E200CB34B5 /* PinkRoomChallenge */ = {
			isa = PBXNativeTarget;
			buildConfigurationList = 5F8E87472B9F30E500CB34B5 /* Build configuration list for PBXNativeTarget "PinkRoomChallenge" */;
			buildPhases = (
				5F8E871F2B9F30E200CB34B5 /* Sources */,
				5F8E87202B9F30E200CB34B5 /* Frameworks */,
				5F8E87212B9F30E200CB34B5 /* Resources */,
			);
			buildRules = (
			);
			dependencies = (
			);
			name = PinkRoomChallenge;
			packageProductDependencies = (
				5F2211252BA0BC4100379888 /* Alamofire */,
				5F8472B02BA0D8C700D429C0 /* AlamofireNetworkActivityLogger */,
			);
			productName = PinkRoomChallenge;
			productReference = 5F8E87232B9F30E200CB34B5 /* PinkRoomChallenge.app */;
			productType = "com.apple.product-type.application";
		};
		5F8E87322B9F30E500CB34B5 /* PinkRoomChallengeTests */ = {
			isa = PBXNativeTarget;
			buildConfigurationList = 5F8E874A2B9F30E500CB34B5 /* Build configuration list for PBXNativeTarget "PinkRoomChallengeTests" */;
			buildPhases = (
				5F8E872F2B9F30E500CB34B5 /* Sources */,
				5F8E87302B9F30E500CB34B5 /* Frameworks */,
				5F8E87312B9F30E500CB34B5 /* Resources */,
			);
			buildRules = (
			);
			dependencies = (
				5F8E87352B9F30E500CB34B5 /* PBXTargetDependency */,
			);
			name = PinkRoomChallengeTests;
			productName = PinkRoomChallengeTests;
			productReference = 5F8E87332B9F30E500CB34B5 /* PinkRoomChallengeTests.xctest */;
			productType = "com.apple.product-type.bundle.unit-test";
		};
		5F8E873C2B9F30E500CB34B5 /* PinkRoomChallengeUITests */ = {
			isa = PBXNativeTarget;
			buildConfigurationList = 5F8E874D2B9F30E500CB34B5 /* Build configuration list for PBXNativeTarget "PinkRoomChallengeUITests" */;
			buildPhases = (
				5F8E87392B9F30E500CB34B5 /* Sources */,
				5F8E873A2B9F30E500CB34B5 /* Frameworks */,
				5F8E873B2B9F30E500CB34B5 /* Resources */,
			);
			buildRules = (
			);
			dependencies = (
				5F8E873F2B9F30E500CB34B5 /* PBXTargetDependency */,
			);
			name = PinkRoomChallengeUITests;
			productName = PinkRoomChallengeUITests;
			productReference = 5F8E873D2B9F30E500CB34B5 /* PinkRoomChallengeUITests.xctest */;
			productType = "com.apple.product-type.bundle.ui-testing";
		};
/* End PBXNativeTarget section */

/* Begin PBXProject section */
		5F8E871B2B9F30E200CB34B5 /* Project object */ = {
			isa = PBXProject;
			attributes = {
				BuildIndependentTargetsInParallel = 1;
				LastSwiftUpdateCheck = 1420;
				LastUpgradeCheck = 1420;
				TargetAttributes = {
					5F8E87222B9F30E200CB34B5 = {
						CreatedOnToolsVersion = 14.2;
					};
					5F8E87322B9F30E500CB34B5 = {
						CreatedOnToolsVersion = 14.2;
						TestTargetID = 5F8E87222B9F30E200CB34B5;
					};
					5F8E873C2B9F30E500CB34B5 = {
						CreatedOnToolsVersion = 14.2;
						TestTargetID = 5F8E87222B9F30E200CB34B5;
					};
				};
			};
			buildConfigurationList = 5F8E871E2B9F30E200CB34B5 /* Build configuration list for PBXProject "PinkRoomChallenge" */;
			compatibilityVersion = "Xcode 14.0";
			developmentRegion = en;
			hasScannedForEncodings = 0;
			knownRegions = (
				en,
				Base,
			);
			mainGroup = 5F8E871A2B9F30E200CB34B5;
			packageReferences = (
				5F2211242BA0BC4100379888 /* XCRemoteSwiftPackageReference "Alamofire" */,
				5F8472AF2BA0D8C700D429C0 /* XCRemoteSwiftPackageReference "AlamofireNetworkActivityLogger" */,
			);
			productRefGroup = 5F8E87242B9F30E200CB34B5 /* Products */;
			projectDirPath = "";
			projectRoot = "";
			targets = (
				5F8E87222B9F30E200CB34B5 /* PinkRoomChallenge */,
				5F8E87322B9F30E500CB34B5 /* PinkRoomChallengeTests */,
				5F8E873C2B9F30E500CB34B5 /* PinkRoomChallengeUITests */,
			);
		};
/* End PBXProject section */

/* Begin PBXResourcesBuildPhase section */
		5F8E87212B9F30E200CB34B5 /* Resources */ = {
			isa = PBXResourcesBuildPhase;
			buildActionMask = 2147483647;
			files = (
				5F8E872E2B9F30E500CB34B5 /* Preview Assets.xcassets in Resources */,
				5F8E872B2B9F30E500CB34B5 /* Assets.xcassets in Resources */,
			);
			runOnlyForDeploymentPostprocessing = 0;
		};
		5F8E87312B9F30E500CB34B5 /* Resources */ = {
			isa = PBXResourcesBuildPhase;
			buildActionMask = 2147483647;
			files = (
			);
			runOnlyForDeploymentPostprocessing = 0;
		};
		5F8E873B2B9F30E500CB34B5 /* Resources */ = {
			isa = PBXResourcesBuildPhase;
			buildActionMask = 2147483647;
			files = (
			);
			runOnlyForDeploymentPostprocessing = 0;
		};
/* End PBXResourcesBuildPhase section */

/* Begin PBXSourcesBuildPhase section */
		5F8E871F2B9F30E200CB34B5 /* Sources */ = {
			isa = PBXSourcesBuildPhase;
			buildActionMask = 2147483647;
			files = (
				5F8E877A2BA05B7600CB34B5 /* FiltersView.swift in Sources */,
				5F8E87712B9F4EEB00CB34B5 /* Popup.swift in Sources */,
				5F8E87752B9F853400CB34B5 /* PopupViewModel.swift in Sources */,
				5F8E87682B9F33D100CB34B5 /* SideMenu.swift in Sources */,
				5F3867892BA072D300FEEEB4 /* HomeModel.swift in Sources */,
				5F8E875C2B9F32DF00CB34B5 /* MainViewModel.swift in Sources */,
				5F8E87642B9F336E00CB34B5 /* WelcomeViewModel.swift in Sources */,
				5F8E87602B9F331000CB34B5 /* LoginView.swift in Sources */,
				5F8E87272B9F30E200CB34B5 /* PinkRoomChallengeApp.swift in Sources */,
				5F8E87622B9F334800CB34B5 /* WelcomeView.swift in Sources */,
				5F8E876A2B9F33F900CB34B5 /* SideMenuView.swift in Sources */,
				5F8E877C2BA05B9900CB34B5 /* Filters.swift in Sources */,
				5F8E875E2B9F32F900CB34B5 /* LoginViewModel.swift in Sources */,
				5F38678C2BA07EA900FEEEB4 /* RepositoryCard.swift in Sources */,
				5F38678E2BA07F4A00FEEEB4 /* RepositoryViewModel.swift in Sources */,
				5F8E875A2B9F32A100CB34B5 /* MainView.swift in Sources */,
				5F8E87582B9F322800CB34B5 /* HomeViewModel.swift in Sources */,
				5F8E87662B9F338B00CB34B5 /* SideMenuViewModel.swift in Sources */,
				5F8E87562B9F321900CB34B5 /* HomeView.swift in Sources */,
				5F8E877E2BA05BC200CB34B5 /* FiltersViewModel.swift in Sources */,
				5F8E876F2B9F4ED000CB34B5 /* PopupView.swift in Sources */,
			);
			runOnlyForDeploymentPostprocessing = 0;
		};
		5F8E872F2B9F30E500CB34B5 /* Sources */ = {
			isa = PBXSourcesBuildPhase;
			buildActionMask = 2147483647;
			files = (
				5F8E87772B9F868F00CB34B5 /* LoginViewModelTests.swift in Sources */,
				5F8E87382B9F30E500CB34B5 /* PinkRoomChallengeTests.swift in Sources */,
			);
			runOnlyForDeploymentPostprocessing = 0;
		};
		5F8E87392B9F30E500CB34B5 /* Sources */ = {
			isa = PBXSourcesBuildPhase;
			buildActionMask = 2147483647;
			files = (
				5F8E87422B9F30E500CB34B5 /* PinkRoomChallengeUITests.swift in Sources */,
				5F8E87442B9F30E500CB34B5 /* PinkRoomChallengeUITestsLaunchTests.swift in Sources */,
			);
			runOnlyForDeploymentPostprocessing = 0;
		};
/* End PBXSourcesBuildPhase section */

/* Begin PBXTargetDependency section */
		5F8E87352B9F30E500CB34B5 /* PBXTargetDependency */ = {
			isa = PBXTargetDependency;
			target = 5F8E87222B9F30E200CB34B5 /* PinkRoomChallenge */;
			targetProxy = 5F8E87342B9F30E500CB34B5 /* PBXContainerItemProxy */;
		};
		5F8E873F2B9F30E500CB34B5 /* PBXTargetDependency */ = {
			isa = PBXTargetDependency;
			target = 5F8E87222B9F30E200CB34B5 /* PinkRoomChallenge */;
			targetProxy = 5F8E873E2B9F30E500CB34B5 /* PBXContainerItemProxy */;
		};
/* End PBXTargetDependency section */

/* Begin XCBuildConfiguration section */
		5F8E87452B9F30E500CB34B5 /* Debug */ = {
			isa = XCBuildConfiguration;
			buildSettings = {
				ALWAYS_SEARCH_USER_PATHS = NO;
				CLANG_ANALYZER_NONNULL = YES;
				CLANG_ANALYZER_NUMBER_OBJECT_CONVERSION = YES_AGGRESSIVE;
				CLANG_CXX_LANGUAGE_STANDARD = "gnu++20";
				CLANG_ENABLE_MODULES = YES;
				CLANG_ENABLE_OBJC_ARC = YES;
				CLANG_ENABLE_OBJC_WEAK = YES;
				CLANG_WARN_BLOCK_CAPTURE_AUTORELEASING = YES;
				CLANG_WARN_BOOL_CONVERSION = YES;
				CLANG_WARN_COMMA = YES;
				CLANG_WARN_CONSTANT_CONVERSION = YES;
				CLANG_WARN_DEPRECATED_OBJC_IMPLEMENTATIONS = YES;
				CLANG_WARN_DIRECT_OBJC_ISA_USAGE = YES_ERROR;
				CLANG_WARN_DOCUMENTATION_COMMENTS = YES;
				CLANG_WARN_EMPTY_BODY = YES;
				CLANG_WARN_ENUM_CONVERSION = YES;
				CLANG_WARN_INFINITE_RECURSION = YES;
				CLANG_WARN_INT_CONVERSION = YES;
				CLANG_WARN_NON_LITERAL_NULL_CONVERSION = YES;
				CLANG_WARN_OBJC_IMPLICIT_RETAIN_SELF = YES;
				CLANG_WARN_OBJC_LITERAL_CONVERSION = YES;
				CLANG_WARN_OBJC_ROOT_CLASS = YES_ERROR;
				CLANG_WARN_QUOTED_INCLUDE_IN_FRAMEWORK_HEADER = YES;
				CLANG_WARN_RANGE_LOOP_ANALYSIS = YES;
				CLANG_WARN_STRICT_PROTOTYPES = YES;
				CLANG_WARN_SUSPICIOUS_MOVE = YES;
				CLANG_WARN_UNGUARDED_AVAILABILITY = YES_AGGRESSIVE;
				CLANG_WARN_UNREACHABLE_CODE = YES;
				CLANG_WARN__DUPLICATE_METHOD_MATCH = YES;
				COPY_PHASE_STRIP = NO;
				DEBUG_INFORMATION_FORMAT = dwarf;
				ENABLE_STRICT_OBJC_MSGSEND = YES;
				ENABLE_TESTABILITY = YES;
				GCC_C_LANGUAGE_STANDARD = gnu11;
				GCC_DYNAMIC_NO_PIC = NO;
				GCC_NO_COMMON_BLOCKS = YES;
				GCC_OPTIMIZATION_LEVEL = 0;
				GCC_PREPROCESSOR_DEFINITIONS = (
					"DEBUG=1",
					"$(inherited)",
				);
				GCC_WARN_64_TO_32_BIT_CONVERSION = YES;
				GCC_WARN_ABOUT_RETURN_TYPE = YES_ERROR;
				GCC_WARN_UNDECLARED_SELECTOR = YES;
				GCC_WARN_UNINITIALIZED_AUTOS = YES_AGGRESSIVE;
				GCC_WARN_UNUSED_FUNCTION = YES;
				GCC_WARN_UNUSED_VARIABLE = YES;
				IPHONEOS_DEPLOYMENT_TARGET = 16.2;
				MTL_ENABLE_DEBUG_INFO = INCLUDE_SOURCE;
				MTL_FAST_MATH = YES;
				ONLY_ACTIVE_ARCH = YES;
				SDKROOT = iphoneos;
				SWIFT_ACTIVE_COMPILATION_CONDITIONS = DEBUG;
				SWIFT_OPTIMIZATION_LEVEL = "-Onone";
			};
			name = Debug;
		};
		5F8E87462B9F30E500CB34B5 /* Release */ = {
			isa = XCBuildConfiguration;
			buildSettings = {
				ALWAYS_SEARCH_USER_PATHS = NO;
				CLANG_ANALYZER_NONNULL = YES;
				CLANG_ANALYZER_NUMBER_OBJECT_CONVERSION = YES_AGGRESSIVE;
				CLANG_CXX_LANGUAGE_STANDARD = "gnu++20";
				CLANG_ENABLE_MODULES = YES;
				CLANG_ENABLE_OBJC_ARC = YES;
				CLANG_ENABLE_OBJC_WEAK = YES;
				CLANG_WARN_BLOCK_CAPTURE_AUTORELEASING = YES;
				CLANG_WARN_BOOL_CONVERSION = YES;
				CLANG_WARN_COMMA = YES;
				CLANG_WARN_CONSTANT_CONVERSION = YES;
				CLANG_WARN_DEPRECATED_OBJC_IMPLEMENTATIONS = YES;
				CLANG_WARN_DIRECT_OBJC_ISA_USAGE = YES_ERROR;
				CLANG_WARN_DOCUMENTATION_COMMENTS = YES;
				CLANG_WARN_EMPTY_BODY = YES;
				CLANG_WARN_ENUM_CONVERSION = YES;
				CLANG_WARN_INFINITE_RECURSION = YES;
				CLANG_WARN_INT_CONVERSION = YES;
				CLANG_WARN_NON_LITERAL_NULL_CONVERSION = YES;
				CLANG_WARN_OBJC_IMPLICIT_RETAIN_SELF = YES;
				CLANG_WARN_OBJC_LITERAL_CONVERSION = YES;
				CLANG_WARN_OBJC_ROOT_CLASS = YES_ERROR;
				CLANG_WARN_QUOTED_INCLUDE_IN_FRAMEWORK_HEADER = YES;
				CLANG_WARN_RANGE_LOOP_ANALYSIS = YES;
				CLANG_WARN_STRICT_PROTOTYPES = YES;
				CLANG_WARN_SUSPICIOUS_MOVE = YES;
				CLANG_WARN_UNGUARDED_AVAILABILITY = YES_AGGRESSIVE;
				CLANG_WARN_UNREACHABLE_CODE = YES;
				CLANG_WARN__DUPLICATE_METHOD_MATCH = YES;
				COPY_PHASE_STRIP = NO;
				DEBUG_INFORMATION_FORMAT = "dwarf-with-dsym";
				ENABLE_NS_ASSERTIONS = NO;
				ENABLE_STRICT_OBJC_MSGSEND = YES;
				GCC_C_LANGUAGE_STANDARD = gnu11;
				GCC_NO_COMMON_BLOCKS = YES;
				GCC_WARN_64_TO_32_BIT_CONVERSION = YES;
				GCC_WARN_ABOUT_RETURN_TYPE = YES_ERROR;
				GCC_WARN_UNDECLARED_SELECTOR = YES;
				GCC_WARN_UNINITIALIZED_AUTOS = YES_AGGRESSIVE;
				GCC_WARN_UNUSED_FUNCTION = YES;
				GCC_WARN_UNUSED_VARIABLE = YES;
				IPHONEOS_DEPLOYMENT_TARGET = 16.2;
				MTL_ENABLE_DEBUG_INFO = NO;
				MTL_FAST_MATH = YES;
				SDKROOT = iphoneos;
				SWIFT_COMPILATION_MODE = wholemodule;
				SWIFT_OPTIMIZATION_LEVEL = "-O";
				VALIDATE_PRODUCT = YES;
			};
			name = Release;
		};
		5F8E87482B9F30E500CB34B5 /* Debug */ = {
			isa = XCBuildConfiguration;
			buildSettings = {
				ASSETCATALOG_COMPILER_APPICON_NAME = AppIcon;
				ASSETCATALOG_COMPILER_GLOBAL_ACCENT_COLOR_NAME = AccentColor;
				CODE_SIGN_STYLE = Automatic;
				CURRENT_PROJECT_VERSION = 1;
				DEVELOPMENT_ASSET_PATHS = "\"PinkRoomChallenge/Preview Content\"";
				DEVELOPMENT_TEAM = 7AA4T4SAJM;
				ENABLE_PREVIEWS = YES;
				GENERATE_INFOPLIST_FILE = YES;
				INFOPLIST_KEY_UIApplicationSceneManifest_Generation = YES;
				INFOPLIST_KEY_UIApplicationSupportsIndirectInputEvents = YES;
				INFOPLIST_KEY_UILaunchScreen_Generation = YES;
				INFOPLIST_KEY_UISupportedInterfaceOrientations_iPad = "UIInterfaceOrientationPortrait UIInterfaceOrientationPortraitUpsideDown UIInterfaceOrientationLandscapeLeft UIInterfaceOrientationLandscapeRight";
				INFOPLIST_KEY_UISupportedInterfaceOrientations_iPhone = "UIInterfaceOrientationPortrait UIInterfaceOrientationLandscapeLeft UIInterfaceOrientationLandscapeRight";
				LD_RUNPATH_SEARCH_PATHS = (
					"$(inherited)",
					"@executable_path/Frameworks",
				);
				MARKETING_VERSION = 1.0;
				PRODUCT_BUNDLE_IDENTIFIER = Catarina.PinkRoomChallenge;
				PRODUCT_NAME = "$(TARGET_NAME)";
				SWIFT_EMIT_LOC_STRINGS = YES;
				SWIFT_VERSION = 5.0;
				TARGETED_DEVICE_FAMILY = "1,2";
			};
			name = Debug;
		};
		5F8E87492B9F30E500CB34B5 /* Release */ = {
			isa = XCBuildConfiguration;
			buildSettings = {
				ASSETCATALOG_COMPILER_APPICON_NAME = AppIcon;
				ASSETCATALOG_COMPILER_GLOBAL_ACCENT_COLOR_NAME = AccentColor;
				CODE_SIGN_STYLE = Automatic;
				CURRENT_PROJECT_VERSION = 1;
				DEVELOPMENT_ASSET_PATHS = "\"PinkRoomChallenge/Preview Content\"";
				DEVELOPMENT_TEAM = 7AA4T4SAJM;
				ENABLE_PREVIEWS = YES;
				GENERATE_INFOPLIST_FILE = YES;
				INFOPLIST_KEY_UIApplicationSceneManifest_Generation = YES;
				INFOPLIST_KEY_UIApplicationSupportsIndirectInputEvents = YES;
				INFOPLIST_KEY_UILaunchScreen_Generation = YES;
				INFOPLIST_KEY_UISupportedInterfaceOrientations_iPad = "UIInterfaceOrientationPortrait UIInterfaceOrientationPortraitUpsideDown UIInterfaceOrientationLandscapeLeft UIInterfaceOrientationLandscapeRight";
				INFOPLIST_KEY_UISupportedInterfaceOrientations_iPhone = "UIInterfaceOrientationPortrait UIInterfaceOrientationLandscapeLeft UIInterfaceOrientationLandscapeRight";
				LD_RUNPATH_SEARCH_PATHS = (
					"$(inherited)",
					"@executable_path/Frameworks",
				);
				MARKETING_VERSION = 1.0;
				PRODUCT_BUNDLE_IDENTIFIER = Catarina.PinkRoomChallenge;
				PRODUCT_NAME = "$(TARGET_NAME)";
				SWIFT_EMIT_LOC_STRINGS = YES;
				SWIFT_VERSION = 5.0;
				TARGETED_DEVICE_FAMILY = "1,2";
			};
			name = Release;
		};
		5F8E874B2B9F30E500CB34B5 /* Debug */ = {
			isa = XCBuildConfiguration;
			buildSettings = {
				ALWAYS_EMBED_SWIFT_STANDARD_LIBRARIES = YES;
				BUNDLE_LOADER = "$(TEST_HOST)";
				CODE_SIGN_STYLE = Automatic;
				CURRENT_PROJECT_VERSION = 1;
				DEVELOPMENT_TEAM = 7AA4T4SAJM;
				GENERATE_INFOPLIST_FILE = YES;
				IPHONEOS_DEPLOYMENT_TARGET = 16.2;
				MARKETING_VERSION = 1.0;
				PRODUCT_BUNDLE_IDENTIFIER = Catarina.PinkRoomChallengeTests;
				PRODUCT_NAME = "$(TARGET_NAME)";
				SWIFT_EMIT_LOC_STRINGS = NO;
				SWIFT_VERSION = 5.0;
				TARGETED_DEVICE_FAMILY = "1,2";
				TEST_HOST = "$(BUILT_PRODUCTS_DIR)/PinkRoomChallenge.app/$(BUNDLE_EXECUTABLE_FOLDER_PATH)/PinkRoomChallenge";
			};
			name = Debug;
		};
		5F8E874C2B9F30E500CB34B5 /* Release */ = {
			isa = XCBuildConfiguration;
			buildSettings = {
				ALWAYS_EMBED_SWIFT_STANDARD_LIBRARIES = YES;
				BUNDLE_LOADER = "$(TEST_HOST)";
				CODE_SIGN_STYLE = Automatic;
				CURRENT_PROJECT_VERSION = 1;
				DEVELOPMENT_TEAM = 7AA4T4SAJM;
				GENERATE_INFOPLIST_FILE = YES;
				IPHONEOS_DEPLOYMENT_TARGET = 16.2;
				MARKETING_VERSION = 1.0;
				PRODUCT_BUNDLE_IDENTIFIER = Catarina.PinkRoomChallengeTests;
				PRODUCT_NAME = "$(TARGET_NAME)";
				SWIFT_EMIT_LOC_STRINGS = NO;
				SWIFT_VERSION = 5.0;
				TARGETED_DEVICE_FAMILY = "1,2";
				TEST_HOST = "$(BUILT_PRODUCTS_DIR)/PinkRoomChallenge.app/$(BUNDLE_EXECUTABLE_FOLDER_PATH)/PinkRoomChallenge";
			};
			name = Release;
		};
		5F8E874E2B9F30E500CB34B5 /* Debug */ = {
			isa = XCBuildConfiguration;
			buildSettings = {
				ALWAYS_EMBED_SWIFT_STANDARD_LIBRARIES = YES;
				CODE_SIGN_STYLE = Automatic;
				CURRENT_PROJECT_VERSION = 1;
				DEVELOPMENT_TEAM = 7AA4T4SAJM;
				GENERATE_INFOPLIST_FILE = YES;
				MARKETING_VERSION = 1.0;
				PRODUCT_BUNDLE_IDENTIFIER = Catarina.PinkRoomChallengeUITests;
				PRODUCT_NAME = "$(TARGET_NAME)";
				SWIFT_EMIT_LOC_STRINGS = NO;
				SWIFT_VERSION = 5.0;
				TARGETED_DEVICE_FAMILY = "1,2";
				TEST_TARGET_NAME = PinkRoomChallenge;
			};
			name = Debug;
		};
		5F8E874F2B9F30E500CB34B5 /* Release */ = {
			isa = XCBuildConfiguration;
			buildSettings = {
				ALWAYS_EMBED_SWIFT_STANDARD_LIBRARIES = YES;
				CODE_SIGN_STYLE = Automatic;
				CURRENT_PROJECT_VERSION = 1;
				DEVELOPMENT_TEAM = 7AA4T4SAJM;
				GENERATE_INFOPLIST_FILE = YES;
				MARKETING_VERSION = 1.0;
				PRODUCT_BUNDLE_IDENTIFIER = Catarina.PinkRoomChallengeUITests;
				PRODUCT_NAME = "$(TARGET_NAME)";
				SWIFT_EMIT_LOC_STRINGS = NO;
				SWIFT_VERSION = 5.0;
				TARGETED_DEVICE_FAMILY = "1,2";
				TEST_TARGET_NAME = PinkRoomChallenge;
			};
			name = Release;
		};
/* End XCBuildConfiguration section */

/* Begin XCConfigurationList section */
		5F8E871E2B9F30E200CB34B5 /* Build configuration list for PBXProject "PinkRoomChallenge" */ = {
			isa = XCConfigurationList;
			buildConfigurations = (
				5F8E87452B9F30E500CB34B5 /* Debug */,
				5F8E87462B9F30E500CB34B5 /* Release */,
			);
			defaultConfigurationIsVisible = 0;
			defaultConfigurationName = Release;
		};
		5F8E87472B9F30E500CB34B5 /* Build configuration list for PBXNativeTarget "PinkRoomChallenge" */ = {
			isa = XCConfigurationList;
			buildConfigurations = (
				5F8E87482B9F30E500CB34B5 /* Debug */,
				5F8E87492B9F30E500CB34B5 /* Release */,
			);
			defaultConfigurationIsVisible = 0;
			defaultConfigurationName = Release;
		};
		5F8E874A2B9F30E500CB34B5 /* Build configuration list for PBXNativeTarget "PinkRoomChallengeTests" */ = {
			isa = XCConfigurationList;
			buildConfigurations = (
				5F8E874B2B9F30E500CB34B5 /* Debug */,
				5F8E874C2B9F30E500CB34B5 /* Release */,
			);
			defaultConfigurationIsVisible = 0;
			defaultConfigurationName = Release;
		};
		5F8E874D2B9F30E500CB34B5 /* Build configuration list for PBXNativeTarget "PinkRoomChallengeUITests" */ = {
			isa = XCConfigurationList;
			buildConfigurations = (
				5F8E874E2B9F30E500CB34B5 /* Debug */,
				5F8E874F2B9F30E500CB34B5 /* Release */,
			);
			defaultConfigurationIsVisible = 0;
			defaultConfigurationName = Release;
		};
/* End XCConfigurationList section */

/* Begin XCRemoteSwiftPackageReference section */
		5F2211242BA0BC4100379888 /* XCRemoteSwiftPackageReference "Alamofire" */ = {
			isa = XCRemoteSwiftPackageReference;
			repositoryURL = "https://github.com/Alamofire/Alamofire.git";
			requirement = {
				kind = upToNextMajorVersion;
				minimumVersion = 5.0.0;
			};
		};
		5F8472AF2BA0D8C700D429C0 /* XCRemoteSwiftPackageReference "AlamofireNetworkActivityLogger" */ = {
			isa = XCRemoteSwiftPackageReference;
			repositoryURL = "https://github.com/konkab/AlamofireNetworkActivityLogger.git";
			requirement = {
				kind = upToNextMajorVersion;
				minimumVersion = 3.0.0;
			};
		};
/* End XCRemoteSwiftPackageReference section */

/* Begin XCSwiftPackageProductDependency section */
		5F2211252BA0BC4100379888 /* Alamofire */ = {
			isa = XCSwiftPackageProductDependency;
			package = 5F2211242BA0BC4100379888 /* XCRemoteSwiftPackageReference "Alamofire" */;
			productName = Alamofire;
		};
		5F8472B02BA0D8C700D429C0 /* AlamofireNetworkActivityLogger */ = {
			isa = XCSwiftPackageProductDependency;
			package = 5F8472AF2BA0D8C700D429C0 /* XCRemoteSwiftPackageReference "AlamofireNetworkActivityLogger" */;
			productName = AlamofireNetworkActivityLogger;
		};
/* End XCSwiftPackageProductDependency section */
	};
	rootObject = 5F8E871B2B9F30E200CB34B5 /* Project object */;
}
